
Microsoft Visual Studio Solution File, Format Version 12.00
# Visual Studio Version 17
VisualStudioVersion = 17.0.31912.275
MinimumVisualStudioVersion = 10.0.40219.1
Project("{2150E333-8FDC-42A3-9474-1A3956D46DE8}") = "packages", "packages", "{3EFD7533-7054-49D4-82D2-AD123C0005B0}"
EndProject
Project("{2150E333-8FDC-42A3-9474-1A3956D46DE8}") = "_Solution Items", "_Solution Items", "{4BF0FEA4-D5D9-442D-A259-78D842F1695B}"
	ProjectSection(SolutionItems) = preProject
		.eslintrc.cjs = .eslintrc.cjs
		.gitignore = .gitignore
		.prettierignore = .prettierignore
		.yarnrc.yml = .yarnrc.yml
		babel.config.cjs = babel.config.cjs
		build-pipeline.yml = build-pipeline.yml
		nuget.config = nuget.config
		package.json = package.json
		README.md = README.md
		tsconfig.json = tsconfig.json
		typedoc.json = typedoc.json
	EndProjectSection
EndProject
Project("{54A90642-561A-4BB1-A94E-469ADEE60C69}") = "check-for-js-bundle-update-saga", "packages\check-for-js-bundle-update-saga\check-for-js-bundle-update-saga.esproj", "{DBA4B037-3A40-4C4F-9CEC-38A6C07D8EDA}"
EndProject
Project("{54A90642-561A-4BB1-A94E-469ADEE60C69}") = "eslint-config", "packages\eslint-config\eslint-config.esproj", "{1EB24015-044E-4CCD-9527-A0302E392B0C}"
EndProject
Project("{54A90642-561A-4BB1-A94E-469ADEE60C69}") = "iti-react", "packages\iti-react\iti-react.esproj", "{6F71EE7B-8E3E-45EB-9F62-2A111E353172}"
EndProject
Project("{54A90642-561A-4BB1-A94E-469ADEE60C69}") = "iti-react-core", "packages\iti-react-core\iti-react-core.esproj", "{91414F62-4D68-4C7A-BCE1-0F8968DBCECD}"
EndProject
Project("{54A90642-561A-4BB1-A94E-469ADEE60C69}") = "jest-config", "packages\jest-config\jest-config.esproj", "{59321EE5-54CE-4D73-ACF1-42D59A90F90C}"
EndProject
Project("{54A90642-561A-4BB1-A94E-469ADEE60C69}") = "lint-staged-config", "packages\lint-staged-config\lint-staged-config.esproj", "{1BAA3436-03C9-489C-9F77-8C73D9F11893}"
EndProject
Project("{54A90642-561A-4BB1-A94E-469ADEE60C69}") = "permissions", "packages\permissions\permissions.esproj", "{AE19598A-A9F3-4AD0-9D6F-CDF17DFEEC9E}"
EndProject
Project("{54A90642-561A-4BB1-A94E-469ADEE60C69}") = "prettier-config", "packages\prettier-config\prettier-config.esproj", "{DC0BFD30-55D1-450A-9F83-2B285355B929}"
EndProject
Project("{54A90642-561A-4BB1-A94E-469ADEE60C69}") = "test-website", "packages\test-website\test-website.esproj", "{ACA04F9D-6F2F-4587-BAE9-07E3910D7D47}"
EndProject
Project("{54A90642-561A-4BB1-A94E-469ADEE60C69}") = "tsconfig", "packages\tsconfig\tsconfig.esproj", "{0FC39A0B-E25C-481D-9D21-7844CDDAA3B8}"
EndProject
Project("{54A90642-561A-4BB1-A94E-469ADEE60C69}") = "webpack-config", "packages\webpack-config\webpack-config.esproj", "{A9107860-F510-4DE0-A601-0543DC89F531}"
EndProject
Project("{9A19103F-16F7-4668-BE54-9A1E7A4F7556}") = "TestAPI", "TestAPI\TestAPI.csproj", "{FF48BFD1-761F-4EA2-A7B9-18B21589BC9F}"
EndProject
Global
	GlobalSection(SolutionConfigurationPlatforms) = preSolution
		Debug|Any CPU = Debug|Any CPU
		Release|Any CPU = Release|Any CPU
	EndGlobalSection
	GlobalSection(ProjectConfigurationPlatforms) = postSolution
		{DBA4B037-3A40-4C4F-9CEC-38A6C07D8EDA}.Debug|Any CPU.ActiveCfg = Debug|Any CPU
		{DBA4B037-3A40-4C4F-9CEC-38A6C07D8EDA}.Release|Any CPU.ActiveCfg = Release|Any CPU
		{1EB24015-044E-4CCD-9527-A0302E392B0C}.Debug|Any CPU.ActiveCfg = Debug|Any CPU
		{1EB24015-044E-4CCD-9527-A0302E392B0C}.Release|Any CPU.ActiveCfg = Release|Any CPU
		{6F71EE7B-8E3E-45EB-9F62-2A111E353172}.Debug|Any CPU.ActiveCfg = Debug|Any CPU
		{6F71EE7B-8E3E-45EB-9F62-2A111E353172}.Release|Any CPU.ActiveCfg = Release|Any CPU
		{91414F62-4D68-4C7A-BCE1-0F8968DBCECD}.Debug|Any CPU.ActiveCfg = Debug|Any CPU
		{91414F62-4D68-4C7A-BCE1-0F8968DBCECD}.Release|Any CPU.ActiveCfg = Release|Any CPU
		{59321EE5-54CE-4D73-ACF1-42D59A90F90C}.Debug|Any CPU.ActiveCfg = Debug|Any CPU
		{59321EE5-54CE-4D73-ACF1-42D59A90F90C}.Release|Any CPU.ActiveCfg = Release|Any CPU
		{1BAA3436-03C9-489C-9F77-8C73D9F11893}.Debug|Any CPU.ActiveCfg = Debug|Any CPU
		{1BAA3436-03C9-489C-9F77-8C73D9F11893}.Release|Any CPU.ActiveCfg = Release|Any CPU
		{AE19598A-A9F3-4AD0-9D6F-CDF17DFEEC9E}.Debug|Any CPU.ActiveCfg = Debug|Any CPU
		{AE19598A-A9F3-4AD0-9D6F-CDF17DFEEC9E}.Release|Any CPU.ActiveCfg = Release|Any CPU
		{DC0BFD30-55D1-450A-9F83-2B285355B929}.Debug|Any CPU.ActiveCfg = Debug|Any CPU
		{DC0BFD30-55D1-450A-9F83-2B285355B929}.Release|Any CPU.ActiveCfg = Release|Any CPU
		{ACA04F9D-6F2F-4587-BAE9-07E3910D7D47}.Debug|Any CPU.ActiveCfg = Debug|Any CPU
		{ACA04F9D-6F2F-4587-BAE9-07E3910D7D47}.Release|Any CPU.ActiveCfg = Release|Any CPU
		{0FC39A0B-E25C-481D-9D21-7844CDDAA3B8}.Debug|Any CPU.ActiveCfg = Debug|Any CPU
		{0FC39A0B-E25C-481D-9D21-7844CDDAA3B8}.Release|Any CPU.ActiveCfg = Release|Any CPU
		{A9107860-F510-4DE0-A601-0543DC89F531}.Debug|Any CPU.ActiveCfg = Debug|Any CPU
		{A9107860-F510-4DE0-A601-0543DC89F531}.Release|Any CPU.ActiveCfg = Release|Any CPU
		{FF48BFD1-761F-4EA2-A7B9-18B21589BC9F}.Debug|Any CPU.ActiveCfg = Debug|Any CPU
		{FF48BFD1-761F-4EA2-A7B9-18B21589BC9F}.Debug|Any CPU.Build.0 = Debug|Any CPU
		{FF48BFD1-761F-4EA2-A7B9-18B21589BC9F}.Release|Any CPU.ActiveCfg = Release|Any CPU
		{FF48BFD1-761F-4EA2-A7B9-18B21589BC9F}.Release|Any CPU.Build.0 = Release|Any CPU
	EndGlobalSection
	GlobalSection(SolutionProperties) = preSolution
		HideSolutionNode = FALSE
	EndGlobalSection
	GlobalSection(NestedProjects) = preSolution
		{DBA4B037-3A40-4C4F-9CEC-38A6C07D8EDA} = {3EFD7533-7054-49D4-82D2-AD123C0005B0}
		{1EB24015-044E-4CCD-9527-A0302E392B0C} = {3EFD7533-7054-49D4-82D2-AD123C0005B0}
		{6F71EE7B-8E3E-45EB-9F62-2A111E353172} = {3EFD7533-7054-49D4-82D2-AD123C0005B0}
		{91414F62-4D68-4C7A-BCE1-0F8968DBCECD} = {3EFD7533-7054-49D4-82D2-AD123C0005B0}
		{59321EE5-54CE-4D73-ACF1-42D59A90F90C} = {3EFD7533-7054-49D4-82D2-AD123C0005B0}
		{1BAA3436-03C9-489C-9F77-8C73D9F11893} = {3EFD7533-7054-49D4-82D2-AD123C0005B0}
		{AE19598A-A9F3-4AD0-9D6F-CDF17DFEEC9E} = {3EFD7533-7054-49D4-82D2-AD123C0005B0}
		{DC0BFD30-55D1-450A-9F83-2B285355B929} = {3EFD7533-7054-49D4-82D2-AD123C0005B0}
		{ACA04F9D-6F2F-4587-BAE9-07E3910D7D47} = {3EFD7533-7054-49D4-82D2-AD123C0005B0}
		{0FC39A0B-E25C-481D-9D21-7844CDDAA3B8} = {3EFD7533-7054-49D4-82D2-AD123C0005B0}
		{A9107860-F510-4DE0-A601-0543DC89F531} = {3EFD7533-7054-49D4-82D2-AD123C0005B0}
	EndGlobalSection
	GlobalSection(ExtensibilityGlobals) = postSolution
		SolutionGuid = {98F0764A-8CC4-43E1-8EC0-C40730939BE3}
	EndGlobalSection
EndGlobal
