
Microsoft Visual Studio Solution File, Format Version 12.00
# Visual Studio Version 16
VisualStudioVersion = 16.0.28803.352
MinimumVisualStudioVersion = 10.0.40219.1
Project("{FAE04EC0-301F-11D3-BF4B-00C04F79EFBC}") = "GenerateTypeScript", "GenerateTypeScript\GenerateTypeScript.csproj", "{E711DB9F-1440-47AF-823C-224B83845061}"
EndProject
Project("{2150E333-8FDC-42A3-9474-1A3956D46DE8}") = "docs", "docs", "{E5BE6CE7-2402-44B3-AE5E-8995B3314222}"
	ProjectSection(SolutionItems) = preProject
		.gitignore = .gitignore
		docs\iti-react changelog v1.md = docs\iti-react changelog v1.md
		docs\iti-react-core changelog v1.md = docs\iti-react-core changelog v1.md
		Readme.md = Readme.md
	EndProjectSection
EndProject
Project("{9A19103F-16F7-4668-BE54-9A1E7A4F7556}") = "TestWebsite", "TestWebsite\TestWebsite.csproj", "{78A2910D-3DF1-44FA-9577-5354196AF454}"
EndProject
Project("{2150E333-8FDC-42A3-9474-1A3956D46DE8}") = "Solution Items", "Solution Items", "{26232E2C-E75D-4B5F-AA79-6875CF4D3259}"
	ProjectSection(SolutionItems) = preProject
		package.json = package.json
	EndProjectSection
EndProject
Project("{9092AA53-FB77-4645-B42D-1CCCA6BD08BD}") = "iti-react", "iti-react\iti-react.njsproj", "{86422372-AD5D-4E7C-87D3-FE35F98311EE}"
EndProject
Project("{9092AA53-FB77-4645-B42D-1CCCA6BD08BD}") = "iti-react-core", "iti-react-core\iti-react-core.njsproj", "{71B53D37-3044-4466-894B-D1B40D7011DB}"
EndProject
Project("{9092AA53-FB77-4645-B42D-1CCCA6BD08BD}") = "test-website", "test-website\test-website.njsproj", "{203173A9-AF33-443C-B7F2-43A7620466D9}"
EndProject
Project("{9A19103F-16F7-4668-BE54-9A1E7A4F7556}") = "TypewriterModels", "test-website\src\Models\TypewriterModels\TypewriterModels.csproj", "{A662C6E9-1C8A-4193-9917-8D6846489F26}"
EndProject
Project("{9092AA53-FB77-4645-B42D-1CCCA6BD08BD}") = "eslint-config", "eslint-config\eslint-config.njsproj", "{FEFC2219-C962-422D-A2F2-3B3A117E6A56}"
EndProject
Global
	GlobalSection(SolutionConfigurationPlatforms) = preSolution
		Debug|Any CPU = Debug|Any CPU
		Release|Any CPU = Release|Any CPU
		Staging|Any CPU = Staging|Any CPU
	EndGlobalSection
	GlobalSection(ProjectConfigurationPlatforms) = postSolution
		{E711DB9F-1440-47AF-823C-224B83845061}.Debug|Any CPU.ActiveCfg = Debug|Any CPU
		{E711DB9F-1440-47AF-823C-224B83845061}.Debug|Any CPU.Build.0 = Debug|Any CPU
		{E711DB9F-1440-47AF-823C-224B83845061}.Release|Any CPU.ActiveCfg = Release|Any CPU
		{E711DB9F-1440-47AF-823C-224B83845061}.Release|Any CPU.Build.0 = Release|Any CPU
		{E711DB9F-1440-47AF-823C-224B83845061}.Staging|Any CPU.ActiveCfg = Staging|Any CPU
		{E711DB9F-1440-47AF-823C-224B83845061}.Staging|Any CPU.Build.0 = Staging|Any CPU
		{78A2910D-3DF1-44FA-9577-5354196AF454}.Debug|Any CPU.ActiveCfg = Debug|Any CPU
		{78A2910D-3DF1-44FA-9577-5354196AF454}.Debug|Any CPU.Build.0 = Debug|Any CPU
		{78A2910D-3DF1-44FA-9577-5354196AF454}.Release|Any CPU.ActiveCfg = Release|Any CPU
		{78A2910D-3DF1-44FA-9577-5354196AF454}.Release|Any CPU.Build.0 = Release|Any CPU
		{78A2910D-3DF1-44FA-9577-5354196AF454}.Staging|Any CPU.ActiveCfg = Staging|Any CPU
		{78A2910D-3DF1-44FA-9577-5354196AF454}.Staging|Any CPU.Build.0 = Staging|Any CPU
		{86422372-AD5D-4E7C-87D3-FE35F98311EE}.Debug|Any CPU.ActiveCfg = Debug|Any CPU
		{86422372-AD5D-4E7C-87D3-FE35F98311EE}.Debug|Any CPU.Build.0 = Debug|Any CPU
		{86422372-AD5D-4E7C-87D3-FE35F98311EE}.Release|Any CPU.ActiveCfg = Release|Any CPU
		{86422372-AD5D-4E7C-87D3-FE35F98311EE}.Release|Any CPU.Build.0 = Release|Any CPU
		{86422372-AD5D-4E7C-87D3-FE35F98311EE}.Staging|Any CPU.ActiveCfg = Release|Any CPU
		{86422372-AD5D-4E7C-87D3-FE35F98311EE}.Staging|Any CPU.Build.0 = Release|Any CPU
		{71B53D37-3044-4466-894B-D1B40D7011DB}.Debug|Any CPU.ActiveCfg = Debug|Any CPU
		{71B53D37-3044-4466-894B-D1B40D7011DB}.Debug|Any CPU.Build.0 = Debug|Any CPU
		{71B53D37-3044-4466-894B-D1B40D7011DB}.Release|Any CPU.ActiveCfg = Release|Any CPU
		{71B53D37-3044-4466-894B-D1B40D7011DB}.Release|Any CPU.Build.0 = Release|Any CPU
		{71B53D37-3044-4466-894B-D1B40D7011DB}.Staging|Any CPU.ActiveCfg = Release|Any CPU
		{71B53D37-3044-4466-894B-D1B40D7011DB}.Staging|Any CPU.Build.0 = Release|Any CPU
		{203173A9-AF33-443C-B7F2-43A7620466D9}.Debug|Any CPU.ActiveCfg = Debug|Any CPU
		{203173A9-AF33-443C-B7F2-43A7620466D9}.Debug|Any CPU.Build.0 = Debug|Any CPU
		{203173A9-AF33-443C-B7F2-43A7620466D9}.Release|Any CPU.ActiveCfg = Release|Any CPU
		{203173A9-AF33-443C-B7F2-43A7620466D9}.Release|Any CPU.Build.0 = Release|Any CPU
		{203173A9-AF33-443C-B7F2-43A7620466D9}.Staging|Any CPU.ActiveCfg = Release|Any CPU
		{203173A9-AF33-443C-B7F2-43A7620466D9}.Staging|Any CPU.Build.0 = Release|Any CPU
		{A662C6E9-1C8A-4193-9917-8D6846489F26}.Debug|Any CPU.ActiveCfg = Debug|Any CPU
		{A662C6E9-1C8A-4193-9917-8D6846489F26}.Debug|Any CPU.Build.0 = Debug|Any CPU
		{A662C6E9-1C8A-4193-9917-8D6846489F26}.Release|Any CPU.ActiveCfg = Release|Any CPU
		{A662C6E9-1C8A-4193-9917-8D6846489F26}.Release|Any CPU.Build.0 = Release|Any CPU
		{A662C6E9-1C8A-4193-9917-8D6846489F26}.Staging|Any CPU.ActiveCfg = Debug|Any CPU
		{A662C6E9-1C8A-4193-9917-8D6846489F26}.Staging|Any CPU.Build.0 = Debug|Any CPU
		{FEFC2219-C962-422D-A2F2-3B3A117E6A56}.Debug|Any CPU.ActiveCfg = Debug|Any CPU
		{FEFC2219-C962-422D-A2F2-3B3A117E6A56}.Debug|Any CPU.Build.0 = Debug|Any CPU
		{FEFC2219-C962-422D-A2F2-3B3A117E6A56}.Release|Any CPU.ActiveCfg = Release|Any CPU
		{FEFC2219-C962-422D-A2F2-3B3A117E6A56}.Release|Any CPU.Build.0 = Release|Any CPU
		{FEFC2219-C962-422D-A2F2-3B3A117E6A56}.Staging|Any CPU.ActiveCfg = Release|Any CPU
		{FEFC2219-C962-422D-A2F2-3B3A117E6A56}.Staging|Any CPU.Build.0 = Release|Any CPU
	EndGlobalSection
	GlobalSection(SolutionProperties) = preSolution
		HideSolutionNode = FALSE
	EndGlobalSection
	GlobalSection(ExtensibilityGlobals) = postSolution
		SolutionGuid = {F1070AFC-46B7-4887-8370-FC9F2392376E}
	EndGlobalSection
EndGlobal
